
Microsoft Visual Studio Solution File, Format Version 12.00
# Visual Studio Version 16
VisualStudioVersion = 16.0.33214.272
MinimumVisualStudioVersion = 10.0.40219.1
Project("{FAE04EC0-301F-11D3-BF4B-00C04F79EFBC}") = "Homework8_task1", "Homework8_task1\Homework8_task1.csproj", "{1063670B-FBCB-4AD4-BFA8-57FE3052019C}"
EndProject
Global
	GlobalSection(SolutionConfigurationPlatforms) = preSolution
		Debug|Any CPU = Debug|Any CPU
		Release|Any CPU = Release|Any CPU
	EndGlobalSection
	GlobalSection(ProjectConfigurationPlatforms) = postSolution
		{1063670B-FBCB-4AD4-BFA8-57FE3052019C}.Debug|Any CPU.ActiveCfg = Debug|Any CPU
		{1063670B-FBCB-4AD4-BFA8-57FE3052019C}.Debug|Any CPU.Build.0 = Debug|Any CPU
		{1063670B-FBCB-4AD4-BFA8-57FE3052019C}.Release|Any CPU.ActiveCfg = Release|Any CPU
		{1063670B-FBCB-4AD4-BFA8-57FE3052019C}.Release|Any CPU.Build.0 = Release|Any CPU
	EndGlobalSection
	GlobalSection(SolutionProperties) = preSolution
		HideSolutionNode = FALSE
	EndGlobalSection
	GlobalSection(ExtensibilityGlobals) = postSolution
		SolutionGuid = {0FD673D5-FCF6-44C4-9B75-3F9E8E811410}
	EndGlobalSection
EndGlobal
